{
  "name": "codex-multiaccount-patcher",
  "version": "0.1.0",
  "lockfileVersion": 3,
  "requires": true,
  "packages": {
    "": {
      "name": "codex-multiaccount-patcher",
      "version": "0.1.0",
      "license": "Apache-2.0",
      "dependencies": {
        "@loongphy/codex-auth": "^0.2.3"
      },
      "bin": {
        "codex-auth": "src/codex-auth-shim.js",
        "codex-hotpatch": "src/cli.js",
        "codex-multiaccount": "src/cli.js"
      },
      "engines": {
        "node": ">=20"
      }
    },
    "node_modules/@loongphy/codex-auth": {
      "version": "0.2.3",
      "resolved": "https://registry.npmjs.org/@loongphy/codex-auth/-/codex-auth-0.2.3.tgz",
      "integrity": "sha512-ZWvWbm011mJbDnVdZ4Rroo1XTyU6l2xU+ocJ2XQApkYp3tHopH8hSxyLOTTX3bDKS1TEAqZTg5DDyojthlocNA==",
      "license": "MIT",
      "bin": {
        "codex-auth": "bin/codex-auth.js"
      },
      "engines": {
        "node": ">=18"
      },
      "optionalDependencies": {
        "@loongphy/codex-auth-darwin-arm64": "0.2.3",
        "@loongphy/codex-auth-darwin-x64": "0.2.3",
        "@loongphy/codex-auth-linux-arm64": "0.2.3",
        "@loongphy/codex-auth-linux-x64": "0.2.3",
        "@loongphy/codex-auth-win32-arm64": "0.2.3",
        "@loongphy/codex-auth-win32-x64": "0.2.3"
      }
    },
    "node_modules/@loongphy/codex-auth-darwin-arm64": {
      "version": "0.2.3",
      "resolved": "https://registry.npmjs.org/@loongphy/codex-auth-darwin-arm64/-/codex-auth-darwin-arm64-0.2.3.tgz",
      "integrity": "sha512-Mb/T8aF5qzKkZvG8mbwduEwsD5gFgNJxSHf4491tMw2NtQ4NTqFyoDk+In1arGbuPGPhKfCwMVwBuMw4VK3eDA==",
      "cpu": [
        "arm64"
      ],
      "license": "MIT",
      "optional": true,
      "os": [
        "darwin"
      ]
    },
    "node_modules/@loongphy/codex-auth-darwin-x64": {
      "version": "0.2.3",
      "resolved": "https://registry.npmjs.org/@loongphy/codex-auth-darwin-x64/-/codex-auth-darwin-x64-0.2.3.tgz",
      "integrity": "sha512-gT6BCG25wDNgIb4L6ERp0rz2eeAn4QbQCGuouchzZK44IU/Pkita99g4zDDKUf4I4NGY/RWtoFqjc/EXh9yfBA==",
      "cpu": [
        "x64"
      ],
      "license": "MIT",
      "optional": true,
      "os": [
        "darwin"
      ]
    },
    "node_modules/@loongphy/codex-auth-linux-arm64": {
      "version": "0.2.3",
      "resolved": "https://registry.npmjs.org/@loongphy/codex-auth-linux-arm64/-/codex-auth-linux-arm64-0.2.3.tgz",
      "integrity": "sha512-sQSPDyQFyTAYK0zu7uJOnF+4yseP68B3yq2XXBIgt8jYgyZ/Y8t3Jo08xKO7UW55IBmEEOtQyNOZul9sCLYnpg==",
      "cpu": [
        "arm64"
      ],
      "license": "MIT",
      "optional": true,
      "os": [
        "linux"
      ]
    },
    "node_modules/@loongphy/codex-auth-linux-x64": {
      "version": "0.2.3",
      "resolved": "https://registry.npmjs.org/@loongphy/codex-auth-linux-x64/-/codex-auth-linux-x64-0.2.3.tgz",
      "integrity": "sha512-zp9nfUMWbXFfYZa7oJwgOZ/udWaRj4BTDC2bOYHLbs1JHupTuqYoO3r5iEvblRxqEKD7eTH22zeVMnc2N8SQcw==",
      "cpu": [
        "x64"
      ],
      "license": "MIT",
      "optional": true,
      "os": [
        "linux"
      ]
    },
    "node_modules/@loongphy/codex-auth-win32-arm64": {
      "version": "0.2.3",
      "resolved": "https://registry.npmjs.org/@loongphy/codex-auth-win32-arm64/-/codex-auth-win32-arm64-0.2.3.tgz",
      "integrity": "sha512-GtxmTNF/niuJGWMQLAfsxt7U3OZg/MqLn+GC3QAIhLRau53bDi5zDIOIqexUmL6RDoL8X7RuCKEWpaNBKg1c/A==",
      "cpu": [
        "arm64"
      ],
      "license": "MIT",
      "optional": true,
      "os": [
        "win32"
      ]
    },
    "node_modules/@loongphy/codex-auth-win32-x64": {
      "version": "0.2.3",
      "resolved": "https://registry.npmjs.org/@loongphy/codex-auth-win32-x64/-/codex-auth-win32-x64-0.2.3.tgz",
      "integrity": "sha512-lsW67gxm9itS/Tu3NVWnkWdbX5pQDPTxhDKUIMvBvpueezU/BjotdUZMko5mPYwGyZAQyPPNzMLM1KrK0TVZrw==",
      "cpu": [
        "x64"
      ],
      "license": "MIT",
      "optional": true,
      "os": [
        "win32"
      ]
    }
  }
}
