{
  "name": "codex-hotpatch",
  "version": "0.1.0",
  "lockfileVersion": 3,
  "requires": true,
  "packages": {
    "": {
      "name": "codex-hotpatch",
      "version": "0.1.0",
      "bin": {
        "codex-hotpatch": "src/cli.js"
      },
      "engines": {
        "node": ">=20"
      }
    }
  }
}
